
Microsoft Visual Studio Solution File, Format Version 12.00
# Visual Studio Version 16
VisualStudioVersion = 16.0.30611.23
MinimumVisualStudioVersion = 15.0.26124.0
Project("{9A19103F-16F7-4668-BE54-9A1E7A4F7556}") = "EFCoreTutorial.Lesson_01", "EFCoreTutorial.Lesson_01\EFCoreTutorial.Lesson_01.csproj", "{6DC95456-C373-4F67-8323-4F33FA973690}"
EndProject
Project("{E53339B2-1760-4266-BCC7-CA923CBCF16C}") = "docker-compose", "docker-compose.dcproj", "{92D484EC-C243-4DCB-BDF4-4A00B1C9C521}"
EndProject
Global
	GlobalSection(SolutionConfigurationPlatforms) = preSolution
		Debug|Any CPU = Debug|Any CPU
		Debug|x64 = Debug|x64
		Debug|x86 = Debug|x86
		Release|Any CPU = Release|Any CPU
		Release|x64 = Release|x64
		Release|x86 = Release|x86
	EndGlobalSection
	GlobalSection(ProjectConfigurationPlatforms) = postSolution
		{6DC95456-C373-4F67-8323-4F33FA973690}.Debug|Any CPU.ActiveCfg = Debug|Any CPU
		{6DC95456-C373-4F67-8323-4F33FA973690}.Debug|Any CPU.Build.0 = Debug|Any CPU
		{6DC95456-C373-4F67-8323-4F33FA973690}.Debug|x64.ActiveCfg = Debug|Any CPU
		{6DC95456-C373-4F67-8323-4F33FA973690}.Debug|x64.Build.0 = Debug|Any CPU
		{6DC95456-C373-4F67-8323-4F33FA973690}.Debug|x86.ActiveCfg = Debug|Any CPU
		{6DC95456-C373-4F67-8323-4F33FA973690}.Debug|x86.Build.0 = Debug|Any CPU
		{6DC95456-C373-4F67-8323-4F33FA973690}.Release|Any CPU.ActiveCfg = Release|Any CPU
		{6DC95456-C373-4F67-8323-4F33FA973690}.Release|Any CPU.Build.0 = Release|Any CPU
		{6DC95456-C373-4F67-8323-4F33FA973690}.Release|x64.ActiveCfg = Release|Any CPU
		{6DC95456-C373-4F67-8323-4F33FA973690}.Release|x64.Build.0 = Release|Any CPU
		{6DC95456-C373-4F67-8323-4F33FA973690}.Release|x86.ActiveCfg = Release|Any CPU
		{6DC95456-C373-4F67-8323-4F33FA973690}.Release|x86.Build.0 = Release|Any CPU
		{92D484EC-C243-4DCB-BDF4-4A00B1C9C521}.Debug|Any CPU.ActiveCfg = Debug|Any CPU
		{92D484EC-C243-4DCB-BDF4-4A00B1C9C521}.Debug|Any CPU.Build.0 = Debug|Any CPU
		{92D484EC-C243-4DCB-BDF4-4A00B1C9C521}.Debug|x64.ActiveCfg = Debug|Any CPU
		{92D484EC-C243-4DCB-BDF4-4A00B1C9C521}.Debug|x64.Build.0 = Debug|Any CPU
		{92D484EC-C243-4DCB-BDF4-4A00B1C9C521}.Debug|x86.ActiveCfg = Debug|Any CPU
		{92D484EC-C243-4DCB-BDF4-4A00B1C9C521}.Debug|x86.Build.0 = Debug|Any CPU
		{92D484EC-C243-4DCB-BDF4-4A00B1C9C521}.Release|Any CPU.ActiveCfg = Release|Any CPU
		{92D484EC-C243-4DCB-BDF4-4A00B1C9C521}.Release|Any CPU.Build.0 = Release|Any CPU
		{92D484EC-C243-4DCB-BDF4-4A00B1C9C521}.Release|x64.ActiveCfg = Release|Any CPU
		{92D484EC-C243-4DCB-BDF4-4A00B1C9C521}.Release|x64.Build.0 = Release|Any CPU
		{92D484EC-C243-4DCB-BDF4-4A00B1C9C521}.Release|x86.ActiveCfg = Release|Any CPU
		{92D484EC-C243-4DCB-BDF4-4A00B1C9C521}.Release|x86.Build.0 = Release|Any CPU
	EndGlobalSection
	GlobalSection(SolutionProperties) = preSolution
		HideSolutionNode = FALSE
	EndGlobalSection
	GlobalSection(ExtensibilityGlobals) = postSolution
		SolutionGuid = {929D52D6-6DA3-4FFC-BC28-C5C0DD6DA31D}
	EndGlobalSection
EndGlobal
